
Microsoft Visual Studio Solution File, Format Version 12.00
# Visual Studio Version 16
VisualStudioVersion = 16.0.30717.126
MinimumVisualStudioVersion = 10.0.40219.1
Project("{FAE04EC0-301F-11D3-BF4B-00C04F79EFBC}") = "Course", "Course\Course.csproj", "{F748E053-3BC1-4F22-8573-A5A402F11C44}"
EndProject
Global
	GlobalSection(SolutionConfigurationPlatforms) = preSolution
		Debug|Any CPU = Debug|Any CPU
		Release|Any CPU = Release|Any CPU
	EndGlobalSection
	GlobalSection(ProjectConfigurationPlatforms) = postSolution
		{F748E053-3BC1-4F22-8573-A5A402F11C44}.Debug|Any CPU.ActiveCfg = Debug|Any CPU
		{F748E053-3BC1-4F22-8573-A5A402F11C44}.Debug|Any CPU.Build.0 = Debug|Any CPU
		{F748E053-3BC1-4F22-8573-A5A402F11C44}.Release|Any CPU.ActiveCfg = Release|Any CPU
		{F748E053-3BC1-4F22-8573-A5A402F11C44}.Release|Any CPU.Build.0 = Release|Any CPU
	EndGlobalSection
	GlobalSection(SolutionProperties) = preSolution
		HideSolutionNode = FALSE
	EndGlobalSection
	GlobalSection(ExtensibilityGlobals) = postSolution
		SolutionGuid = {8C792BB8-785E-49EC-941E-6A4C11D2EFD1}
	EndGlobalSection
EndGlobal
