
Microsoft Visual Studio Solution File, Format Version 12.00
# Visual Studio Version 16
VisualStudioVersion = 16.0.30717.126
MinimumVisualStudioVersion = 10.0.40219.1
Project("{FAE04EC0-301F-11D3-BF4B-00C04F79EFBC}") = "ContractProcessing", "ContractProcessing\ContractProcessing.csproj", "{B5E2624D-FCDC-45F5-A0E2-37299C0B15AA}"
EndProject
Global
	GlobalSection(SolutionConfigurationPlatforms) = preSolution
		Debug|Any CPU = Debug|Any CPU
		Release|Any CPU = Release|Any CPU
	EndGlobalSection
	GlobalSection(ProjectConfigurationPlatforms) = postSolution
		{B5E2624D-FCDC-45F5-A0E2-37299C0B15AA}.Debug|Any CPU.ActiveCfg = Debug|Any CPU
		{B5E2624D-FCDC-45F5-A0E2-37299C0B15AA}.Debug|Any CPU.Build.0 = Debug|Any CPU
		{B5E2624D-FCDC-45F5-A0E2-37299C0B15AA}.Release|Any CPU.ActiveCfg = Release|Any CPU
		{B5E2624D-FCDC-45F5-A0E2-37299C0B15AA}.Release|Any CPU.Build.0 = Release|Any CPU
	EndGlobalSection
	GlobalSection(SolutionProperties) = preSolution
		HideSolutionNode = FALSE
	EndGlobalSection
	GlobalSection(ExtensibilityGlobals) = postSolution
		SolutionGuid = {5E7B78CA-0244-40A8-8518-FC0C8C9AA3A8}
	EndGlobalSection
EndGlobal
