
Microsoft Visual Studio Solution File, Format Version 12.00
# Visual Studio Version 16
VisualStudioVersion = 16.0.30717.126
MinimumVisualStudioVersion = 10.0.40219.1
Project("{FAE04EC0-301F-11D3-BF4B-00C04F79EFBC}") = "Dictionary", "Dictionary\Dictionary.csproj", "{438F8011-16F4-4EF6-A863-AB5C4CAB1128}"
EndProject
Global
	GlobalSection(SolutionConfigurationPlatforms) = preSolution
		Debug|Any CPU = Debug|Any CPU
		Release|Any CPU = Release|Any CPU
	EndGlobalSection
	GlobalSection(ProjectConfigurationPlatforms) = postSolution
		{438F8011-16F4-4EF6-A863-AB5C4CAB1128}.Debug|Any CPU.ActiveCfg = Debug|Any CPU
		{438F8011-16F4-4EF6-A863-AB5C4CAB1128}.Debug|Any CPU.Build.0 = Debug|Any CPU
		{438F8011-16F4-4EF6-A863-AB5C4CAB1128}.Release|Any CPU.ActiveCfg = Release|Any CPU
		{438F8011-16F4-4EF6-A863-AB5C4CAB1128}.Release|Any CPU.Build.0 = Release|Any CPU
	EndGlobalSection
	GlobalSection(SolutionProperties) = preSolution
		HideSolutionNode = FALSE
	EndGlobalSection
	GlobalSection(ExtensibilityGlobals) = postSolution
		SolutionGuid = {A6EADBB5-E5EF-44C7-9BC2-3D25E80CCB81}
	EndGlobalSection
EndGlobal
